
Microsoft Visual Studio Solution File, Format Version 12.00
# Visual Studio Version 17
VisualStudioVersion = 17.14.36221.1
MinimumVisualStudioVersion = 10.0.40219.1
Project("{FAE04EC0-301F-11D3-BF4B-00C04F79EFBC}") = "ClangUnsafeGenerator", "ClangUnsafeGenerator\ClangUnsafeGenerator.csproj", "{D4D186F4-65A0-4659-AA7E-980DE6CA3C0A}"
EndProject
Project("{FAE04EC0-301F-11D3-BF4B-00C04F79EFBC}") = "ClangSharp.PInvokeGenerator", "ClangSharp.PInvokeGenerator\ClangSharp.PInvokeGenerator.csproj", "{4043CA99-A677-6987-E605-D94CA134927D}"
EndProject
Project("{FAE04EC0-301F-11D3-BF4B-00C04F79EFBC}") = "Managed.Win32", "Managed.Win32\Managed.Win32.csproj", "{6DB42528-987E-AAE6-5129-3526C2F835A2}"
EndProject
Project("{FAE04EC0-301F-11D3-BF4B-00C04F79EFBC}") = "Managed.Graphics", "Managed.Graphics\Managed.Graphics.csproj", "{BAEF7EB8-A8F8-4D1E-AC23-A2B1B00804FC}"
EndProject
Project("{2150E333-8FDC-42A3-9474-1A3956D46DE8}") = "Generator", "Generator", "{02EA681E-C7D8-13C7-8484-4AC65E1B71E8}"
EndProject
Project("{2150E333-8FDC-42A3-9474-1A3956D46DE8}") = "Samples", "Samples", "{FDD0C07C-5C24-4909-A6E2-8E2114DD1699}"
EndProject
Project("{2150E333-8FDC-42A3-9474-1A3956D46DE8}") = "Solution Items", "Solution Items", "{8EC462FD-D22E-90A8-E5CE-7E832BA40C5D}"
	ProjectSection(SolutionItems) = preProject
		.editorconfig = .editorconfig
		.gitignore = .gitignore
		LICENSE = LICENSE
	EndProjectSection
EndProject
Project("{FAE04EC0-301F-11D3-BF4B-00C04F79EFBC}") = "ComDynamicWrapper.Sample", "Samples\ComDynamicWrapper.Sample\ComDynamicWrapper.Sample.csproj", "{AAA2B293-F4A7-E0A2-A379-EDA07F3ABAC5}"
EndProject
Project("{FAE04EC0-301F-11D3-BF4B-00C04F79EFBC}") = "ComWrappers.Sample", "Samples\ComWrappers.Sample\ComWrappers.Sample.csproj", "{C5828696-5B1D-AC62-CB80-BFFACEDD7888}"
EndProject
Project("{FAE04EC0-301F-11D3-BF4B-00C04F79EFBC}") = "D2DSample", "Samples\D2DSample\D2DSample.csproj", "{674D15C6-ADA1-C96F-B6D7-F1F0B31CAE05}"
EndProject
Project("{FAE04EC0-301F-11D3-BF4B-00C04F79EFBC}") = "SimpleComWrapper", "Samples\SimpleComWrapper\SimpleComWrapper.csproj", "{11914269-7087-60D5-7E25-078E06E8BAE6}"
EndProject
Global
	GlobalSection(SolutionConfigurationPlatforms) = preSolution
		Debug|Any CPU = Debug|Any CPU
		Debug|x64 = Debug|x64
		Debug|x86 = Debug|x86
		Release|Any CPU = Release|Any CPU
		Release|x64 = Release|x64
		Release|x86 = Release|x86
	EndGlobalSection
	GlobalSection(ProjectConfigurationPlatforms) = postSolution
		{D4D186F4-65A0-4659-AA7E-980DE6CA3C0A}.Debug|Any CPU.ActiveCfg = Debug|Any CPU
		{D4D186F4-65A0-4659-AA7E-980DE6CA3C0A}.Debug|Any CPU.Build.0 = Debug|Any CPU
		{D4D186F4-65A0-4659-AA7E-980DE6CA3C0A}.Debug|x64.ActiveCfg = Debug|Any CPU
		{D4D186F4-65A0-4659-AA7E-980DE6CA3C0A}.Debug|x64.Build.0 = Debug|Any CPU
		{D4D186F4-65A0-4659-AA7E-980DE6CA3C0A}.Debug|x86.ActiveCfg = Debug|Any CPU
		{D4D186F4-65A0-4659-AA7E-980DE6CA3C0A}.Debug|x86.Build.0 = Debug|Any CPU
		{D4D186F4-65A0-4659-AA7E-980DE6CA3C0A}.Release|Any CPU.ActiveCfg = Release|Any CPU
		{D4D186F4-65A0-4659-AA7E-980DE6CA3C0A}.Release|Any CPU.Build.0 = Release|Any CPU
		{D4D186F4-65A0-4659-AA7E-980DE6CA3C0A}.Release|x64.ActiveCfg = Release|Any CPU
		{D4D186F4-65A0-4659-AA7E-980DE6CA3C0A}.Release|x64.Build.0 = Release|Any CPU
		{D4D186F4-65A0-4659-AA7E-980DE6CA3C0A}.Release|x86.ActiveCfg = Release|Any CPU
		{D4D186F4-65A0-4659-AA7E-980DE6CA3C0A}.Release|x86.Build.0 = Release|Any CPU
		{4043CA99-A677-6987-E605-D94CA134927D}.Debug|Any CPU.ActiveCfg = Debug|Any CPU
		{4043CA99-A677-6987-E605-D94CA134927D}.Debug|Any CPU.Build.0 = Debug|Any CPU
		{4043CA99-A677-6987-E605-D94CA134927D}.Debug|x64.ActiveCfg = Debug|Any CPU
		{4043CA99-A677-6987-E605-D94CA134927D}.Debug|x64.Build.0 = Debug|Any CPU
		{4043CA99-A677-6987-E605-D94CA134927D}.Debug|x86.ActiveCfg = Debug|Any CPU
		{4043CA99-A677-6987-E605-D94CA134927D}.Debug|x86.Build.0 = Debug|Any CPU
		{4043CA99-A677-6987-E605-D94CA134927D}.Release|Any CPU.ActiveCfg = Release|Any CPU
		{4043CA99-A677-6987-E605-D94CA134927D}.Release|Any CPU.Build.0 = Release|Any CPU
		{4043CA99-A677-6987-E605-D94CA134927D}.Release|x64.ActiveCfg = Release|Any CPU
		{4043CA99-A677-6987-E605-D94CA134927D}.Release|x64.Build.0 = Release|Any CPU
		{4043CA99-A677-6987-E605-D94CA134927D}.Release|x86.ActiveCfg = Release|Any CPU
		{4043CA99-A677-6987-E605-D94CA134927D}.Release|x86.Build.0 = Release|Any CPU
		{6DB42528-987E-AAE6-5129-3526C2F835A2}.Debug|Any CPU.ActiveCfg = Debug|Any CPU
		{6DB42528-987E-AAE6-5129-3526C2F835A2}.Debug|Any CPU.Build.0 = Debug|Any CPU
		{6DB42528-987E-AAE6-5129-3526C2F835A2}.Debug|x64.ActiveCfg = Debug|Any CPU
		{6DB42528-987E-AAE6-5129-3526C2F835A2}.Debug|x64.Build.0 = Debug|Any CPU
		{6DB42528-987E-AAE6-5129-3526C2F835A2}.Debug|x86.ActiveCfg = Debug|Any CPU
		{6DB42528-987E-AAE6-5129-3526C2F835A2}.Debug|x86.Build.0 = Debug|Any CPU
		{6DB42528-987E-AAE6-5129-3526C2F835A2}.Release|Any CPU.ActiveCfg = Release|Any CPU
		{6DB42528-987E-AAE6-5129-3526C2F835A2}.Release|Any CPU.Build.0 = Release|Any CPU
		{6DB42528-987E-AAE6-5129-3526C2F835A2}.Release|x64.ActiveCfg = Release|Any CPU
		{6DB42528-987E-AAE6-5129-3526C2F835A2}.Release|x64.Build.0 = Release|Any CPU
		{6DB42528-987E-AAE6-5129-3526C2F835A2}.Release|x86.ActiveCfg = Release|Any CPU
		{6DB42528-987E-AAE6-5129-3526C2F835A2}.Release|x86.Build.0 = Release|Any CPU
		{BAEF7EB8-A8F8-4D1E-AC23-A2B1B00804FC}.Debug|Any CPU.ActiveCfg = Debug|Any CPU
		{BAEF7EB8-A8F8-4D1E-AC23-A2B1B00804FC}.Debug|Any CPU.Build.0 = Debug|Any CPU
		{BAEF7EB8-A8F8-4D1E-AC23-A2B1B00804FC}.Debug|x64.ActiveCfg = Debug|Any CPU
		{BAEF7EB8-A8F8-4D1E-AC23-A2B1B00804FC}.Debug|x64.Build.0 = Debug|Any CPU
		{BAEF7EB8-A8F8-4D1E-AC23-A2B1B00804FC}.Debug|x86.ActiveCfg = Debug|Any CPU
		{BAEF7EB8-A8F8-4D1E-AC23-A2B1B00804FC}.Debug|x86.Build.0 = Debug|Any CPU
		{BAEF7EB8-A8F8-4D1E-AC23-A2B1B00804FC}.Release|Any CPU.ActiveCfg = Release|Any CPU
		{BAEF7EB8-A8F8-4D1E-AC23-A2B1B00804FC}.Release|Any CPU.Build.0 = Release|Any CPU
		{BAEF7EB8-A8F8-4D1E-AC23-A2B1B00804FC}.Release|x64.ActiveCfg = Release|Any CPU
		{BAEF7EB8-A8F8-4D1E-AC23-A2B1B00804FC}.Release|x64.Build.0 = Release|Any CPU
		{BAEF7EB8-A8F8-4D1E-AC23-A2B1B00804FC}.Release|x86.ActiveCfg = Release|Any CPU
		{BAEF7EB8-A8F8-4D1E-AC23-A2B1B00804FC}.Release|x86.Build.0 = Release|Any CPU
		{AAA2B293-F4A7-E0A2-A379-EDA07F3ABAC5}.Debug|Any CPU.ActiveCfg = Debug|Any CPU
		{AAA2B293-F4A7-E0A2-A379-EDA07F3ABAC5}.Debug|Any CPU.Build.0 = Debug|Any CPU
		{AAA2B293-F4A7-E0A2-A379-EDA07F3ABAC5}.Debug|x64.ActiveCfg = Debug|Any CPU
		{AAA2B293-F4A7-E0A2-A379-EDA07F3ABAC5}.Debug|x64.Build.0 = Debug|Any CPU
		{AAA2B293-F4A7-E0A2-A379-EDA07F3ABAC5}.Debug|x86.ActiveCfg = Debug|Any CPU
		{AAA2B293-F4A7-E0A2-A379-EDA07F3ABAC5}.Debug|x86.Build.0 = Debug|Any CPU
		{AAA2B293-F4A7-E0A2-A379-EDA07F3ABAC5}.Release|Any CPU.ActiveCfg = Release|Any CPU
		{AAA2B293-F4A7-E0A2-A379-EDA07F3ABAC5}.Release|Any CPU.Build.0 = Release|Any CPU
		{AAA2B293-F4A7-E0A2-A379-EDA07F3ABAC5}.Release|x64.ActiveCfg = Release|Any CPU
		{AAA2B293-F4A7-E0A2-A379-EDA07F3ABAC5}.Release|x64.Build.0 = Release|Any CPU
		{AAA2B293-F4A7-E0A2-A379-EDA07F3ABAC5}.Release|x86.ActiveCfg = Release|Any CPU
		{AAA2B293-F4A7-E0A2-A379-EDA07F3ABAC5}.Release|x86.Build.0 = Release|Any CPU
		{C5828696-5B1D-AC62-CB80-BFFACEDD7888}.Debug|Any CPU.ActiveCfg = Debug|Any CPU
		{C5828696-5B1D-AC62-CB80-BFFACEDD7888}.Debug|Any CPU.Build.0 = Debug|Any CPU
		{C5828696-5B1D-AC62-CB80-BFFACEDD7888}.Debug|x64.ActiveCfg = Debug|Any CPU
		{C5828696-5B1D-AC62-CB80-BFFACEDD7888}.Debug|x64.Build.0 = Debug|Any CPU
		{C5828696-5B1D-AC62-CB80-BFFACEDD7888}.Debug|x86.ActiveCfg = Debug|Any CPU
		{C5828696-5B1D-AC62-CB80-BFFACEDD7888}.Debug|x86.Build.0 = Debug|Any CPU
		{C5828696-5B1D-AC62-CB80-BFFACEDD7888}.Release|Any CPU.ActiveCfg = Release|Any CPU
		{C5828696-5B1D-AC62-CB80-BFFACEDD7888}.Release|Any CPU.Build.0 = Release|Any CPU
		{C5828696-5B1D-AC62-CB80-BFFACEDD7888}.Release|x64.ActiveCfg = Release|Any CPU
		{C5828696-5B1D-AC62-CB80-BFFACEDD7888}.Release|x64.Build.0 = Release|Any CPU
		{C5828696-5B1D-AC62-CB80-BFFACEDD7888}.Release|x86.ActiveCfg = Release|Any CPU
		{C5828696-5B1D-AC62-CB80-BFFACEDD7888}.Release|x86.Build.0 = Release|Any CPU
		{674D15C6-ADA1-C96F-B6D7-F1F0B31CAE05}.Debug|Any CPU.ActiveCfg = Debug|Any CPU
		{674D15C6-ADA1-C96F-B6D7-F1F0B31CAE05}.Debug|Any CPU.Build.0 = Debug|Any CPU
		{674D15C6-ADA1-C96F-B6D7-F1F0B31CAE05}.Debug|x64.ActiveCfg = Debug|Any CPU
		{674D15C6-ADA1-C96F-B6D7-F1F0B31CAE05}.Debug|x64.Build.0 = Debug|Any CPU
		{674D15C6-ADA1-C96F-B6D7-F1F0B31CAE05}.Debug|x86.ActiveCfg = Debug|Any CPU
		{674D15C6-ADA1-C96F-B6D7-F1F0B31CAE05}.Debug|x86.Build.0 = Debug|Any CPU
		{674D15C6-ADA1-C96F-B6D7-F1F0B31CAE05}.Release|Any CPU.ActiveCfg = Release|Any CPU
		{674D15C6-ADA1-C96F-B6D7-F1F0B31CAE05}.Release|Any CPU.Build.0 = Release|Any CPU
		{674D15C6-ADA1-C96F-B6D7-F1F0B31CAE05}.Release|x64.ActiveCfg = Release|Any CPU
		{674D15C6-ADA1-C96F-B6D7-F1F0B31CAE05}.Release|x64.Build.0 = Release|Any CPU
		{674D15C6-ADA1-C96F-B6D7-F1F0B31CAE05}.Release|x86.ActiveCfg = Release|Any CPU
		{674D15C6-ADA1-C96F-B6D7-F1F0B31CAE05}.Release|x86.Build.0 = Release|Any CPU
		{11914269-7087-60D5-7E25-078E06E8BAE6}.Debug|Any CPU.ActiveCfg = Debug|Any CPU
		{11914269-7087-60D5-7E25-078E06E8BAE6}.Debug|Any CPU.Build.0 = Debug|Any CPU
		{11914269-7087-60D5-7E25-078E06E8BAE6}.Debug|x64.ActiveCfg = Debug|Any CPU
		{11914269-7087-60D5-7E25-078E06E8BAE6}.Debug|x64.Build.0 = Debug|Any CPU
		{11914269-7087-60D5-7E25-078E06E8BAE6}.Debug|x86.ActiveCfg = Debug|Any CPU
		{11914269-7087-60D5-7E25-078E06E8BAE6}.Debug|x86.Build.0 = Debug|Any CPU
		{11914269-7087-60D5-7E25-078E06E8BAE6}.Release|Any CPU.ActiveCfg = Release|Any CPU
		{11914269-7087-60D5-7E25-078E06E8BAE6}.Release|Any CPU.Build.0 = Release|Any CPU
		{11914269-7087-60D5-7E25-078E06E8BAE6}.Release|x64.ActiveCfg = Release|Any CPU
		{11914269-7087-60D5-7E25-078E06E8BAE6}.Release|x64.Build.0 = Release|Any CPU
		{11914269-7087-60D5-7E25-078E06E8BAE6}.Release|x86.ActiveCfg = Release|Any CPU
		{11914269-7087-60D5-7E25-078E06E8BAE6}.Release|x86.Build.0 = Release|Any CPU
	EndGlobalSection
	GlobalSection(SolutionProperties) = preSolution
		HideSolutionNode = FALSE
	EndGlobalSection
	GlobalSection(NestedProjects) = preSolution
		{D4D186F4-65A0-4659-AA7E-980DE6CA3C0A} = {02EA681E-C7D8-13C7-8484-4AC65E1B71E8}
		{4043CA99-A677-6987-E605-D94CA134927D} = {02EA681E-C7D8-13C7-8484-4AC65E1B71E8}
		{AAA2B293-F4A7-E0A2-A379-EDA07F3ABAC5} = {FDD0C07C-5C24-4909-A6E2-8E2114DD1699}
		{C5828696-5B1D-AC62-CB80-BFFACEDD7888} = {FDD0C07C-5C24-4909-A6E2-8E2114DD1699}
		{674D15C6-ADA1-C96F-B6D7-F1F0B31CAE05} = {FDD0C07C-5C24-4909-A6E2-8E2114DD1699}
		{11914269-7087-60D5-7E25-078E06E8BAE6} = {FDD0C07C-5C24-4909-A6E2-8E2114DD1699}
	EndGlobalSection
	GlobalSection(ExtensibilityGlobals) = postSolution
		SolutionGuid = {B164E52F-C7EA-4D00-BC6C-5820A25FEDF6}
	EndGlobalSection
EndGlobal
