
Microsoft Visual Studio Solution File, Format Version 12.00
# Visual Studio Version 17
VisualStudioVersion = 17.14.36221.1
MinimumVisualStudioVersion = 10.0.40219.1
Project("{FAE04EC0-301F-11D3-BF4B-00C04F79EFBC}") = "Managed.Win32", "Managed.Win32\Managed.Win32.csproj", "{6DB42528-987E-AAE6-5129-3526C2F835A2}"
EndProject
Project("{FAE04EC0-301F-11D3-BF4B-00C04F79EFBC}") = "Managed.Graphics", "Managed.Graphics\Managed.Graphics.csproj", "{BAEF7EB8-A8F8-4D1E-AC23-A2B1B00804FC}"
EndProject
Project("{2150E333-8FDC-42A3-9474-1A3956D46DE8}") = "Samples", "Samples", "{FDD0C07C-5C24-4909-A6E2-8E2114DD1699}"
EndProject
Project("{2150E333-8FDC-42A3-9474-1A3956D46DE8}") = "_SolutionItems", "_SolutionItems", "{8EC462FD-D22E-90A8-E5CE-7E832BA40C5D}"
	ProjectSection(SolutionItems) = preProject
		.editorconfig = .editorconfig
		.gitignore = .gitignore
		Directory.Build.props = Directory.Build.props
		Directory.Build.targets = Directory.Build.targets
		LICENSE = LICENSE
	EndProjectSection
EndProject
Project("{FAE04EC0-301F-11D3-BF4B-00C04F79EFBC}") = "ComDynamicWrapper.Sample", "Samples\ComDynamicWrapper.Sample\ComDynamicWrapper.Sample.csproj", "{AAA2B293-F4A7-E0A2-A379-EDA07F3ABAC5}"
EndProject
Project("{FAE04EC0-301F-11D3-BF4B-00C04F79EFBC}") = "ComWrappers.Sample", "Samples\ComWrappers.Sample\ComWrappers.Sample.csproj", "{C5828696-5B1D-AC62-CB80-BFFACEDD7888}"
EndProject
Project("{FAE04EC0-301F-11D3-BF4B-00C04F79EFBC}") = "D2DSample", "Samples\D2DSample\D2DSample.csproj", "{674D15C6-ADA1-C96F-B6D7-F1F0B31CAE05}"
EndProject
Project("{FAE04EC0-301F-11D3-BF4B-00C04F79EFBC}") = "SimpleComWrapper", "Samples\SimpleComWrapper\SimpleComWrapper.csproj", "{11914269-7087-60D5-7E25-078E06E8BAE6}"
EndProject
Project("{2150E333-8FDC-42A3-9474-1A3956D46DE8}") = "Benchmarks", "Benchmarks", "{70A11695-15DC-453C-97BE-3CEB23C85ED1}"
EndProject
Project("{FAE04EC0-301F-11D3-BF4B-00C04F79EFBC}") = "Managed.Graphics.Benchmarks", "Benchmarks\Managed.Graphics.Benchmarks\Managed.Graphics.Benchmarks.csproj", "{C63D5466-D139-42DB-89EA-2D4846A14188}"
EndProject
Project("{FAE04EC0-301F-11D3-BF4B-00C04F79EFBC}") = "WpfGraphicsSample", "Samples\WpfGraphicsSample\WpfGraphicsSample.csproj", "{6A5749AF-DA59-4C37-9C1B-7BB5FAB621EC}"
EndProject
Project("{FAE04EC0-301F-11D3-BF4B-00C04F79EFBC}") = "Managed.Ipp", "Managed.Ipp\Managed.Ipp.csproj", "{A38BDA50-43B4-9FFE-5E2C-2D7CB8DD3A0C}"
EndProject
Project("{2150E333-8FDC-42A3-9474-1A3956D46DE8}") = "Interop", "Interop", "{916ECDFB-75F3-40CC-9370-D7E91537831F}"
EndProject
Project("{FAE04EC0-301F-11D3-BF4B-00C04F79EFBC}") = "D2DSpline", "Samples\D2DSpline\D2DSpline.csproj", "{081B98DB-A535-2113-22CB-3DA4211BC88A}"
EndProject
Project("{2150E333-8FDC-42A3-9474-1A3956D46DE8}") = "Pictoris", "Pictoris", "{02EA681E-C7D8-13C7-8484-4AC65E1B71E8}"
EndProject
Project("{FAE04EC0-301F-11D3-BF4B-00C04F79EFBC}") = "Pictoris", "Pictoris\Pictoris.csproj", "{77FE6701-7F2D-4A8A-9134-9E622B9795C8}"
EndProject
Project("{FAE04EC0-301F-11D3-BF4B-00C04F79EFBC}") = "Pictoris.Imaging", "Pictoris.Imaging\Pictoris.Imaging.csproj", "{07BF6C5A-635B-2614-EEB3-AAE596A3C526}"
EndProject
Global
	GlobalSection(SolutionConfigurationPlatforms) = preSolution
		Debug|Any CPU = Debug|Any CPU
		Debug|x64 = Debug|x64
		Debug|x86 = Debug|x86
		Release|Any CPU = Release|Any CPU
		Release|x64 = Release|x64
		Release|x86 = Release|x86
	EndGlobalSection
	GlobalSection(ProjectConfigurationPlatforms) = postSolution
		{6DB42528-987E-AAE6-5129-3526C2F835A2}.Debug|Any CPU.ActiveCfg = Debug|Any CPU
		{6DB42528-987E-AAE6-5129-3526C2F835A2}.Debug|Any CPU.Build.0 = Debug|Any CPU
		{6DB42528-987E-AAE6-5129-3526C2F835A2}.Debug|x64.ActiveCfg = Debug|Any CPU
		{6DB42528-987E-AAE6-5129-3526C2F835A2}.Debug|x64.Build.0 = Debug|Any CPU
		{6DB42528-987E-AAE6-5129-3526C2F835A2}.Debug|x86.ActiveCfg = Debug|Any CPU
		{6DB42528-987E-AAE6-5129-3526C2F835A2}.Debug|x86.Build.0 = Debug|Any CPU
		{6DB42528-987E-AAE6-5129-3526C2F835A2}.Release|Any CPU.ActiveCfg = Release|Any CPU
		{6DB42528-987E-AAE6-5129-3526C2F835A2}.Release|Any CPU.Build.0 = Release|Any CPU
		{6DB42528-987E-AAE6-5129-3526C2F835A2}.Release|x64.ActiveCfg = Release|Any CPU
		{6DB42528-987E-AAE6-5129-3526C2F835A2}.Release|x64.Build.0 = Release|Any CPU
		{6DB42528-987E-AAE6-5129-3526C2F835A2}.Release|x86.ActiveCfg = Release|Any CPU
		{6DB42528-987E-AAE6-5129-3526C2F835A2}.Release|x86.Build.0 = Release|Any CPU
		{BAEF7EB8-A8F8-4D1E-AC23-A2B1B00804FC}.Debug|Any CPU.ActiveCfg = Debug|Any CPU
		{BAEF7EB8-A8F8-4D1E-AC23-A2B1B00804FC}.Debug|Any CPU.Build.0 = Debug|Any CPU
		{BAEF7EB8-A8F8-4D1E-AC23-A2B1B00804FC}.Debug|x64.ActiveCfg = Debug|Any CPU
		{BAEF7EB8-A8F8-4D1E-AC23-A2B1B00804FC}.Debug|x64.Build.0 = Debug|Any CPU
		{BAEF7EB8-A8F8-4D1E-AC23-A2B1B00804FC}.Debug|x86.ActiveCfg = Debug|Any CPU
		{BAEF7EB8-A8F8-4D1E-AC23-A2B1B00804FC}.Debug|x86.Build.0 = Debug|Any CPU
		{BAEF7EB8-A8F8-4D1E-AC23-A2B1B00804FC}.Release|Any CPU.ActiveCfg = Release|Any CPU
		{BAEF7EB8-A8F8-4D1E-AC23-A2B1B00804FC}.Release|Any CPU.Build.0 = Release|Any CPU
		{BAEF7EB8-A8F8-4D1E-AC23-A2B1B00804FC}.Release|x64.ActiveCfg = Release|Any CPU
		{BAEF7EB8-A8F8-4D1E-AC23-A2B1B00804FC}.Release|x64.Build.0 = Release|Any CPU
		{BAEF7EB8-A8F8-4D1E-AC23-A2B1B00804FC}.Release|x86.ActiveCfg = Release|Any CPU
		{BAEF7EB8-A8F8-4D1E-AC23-A2B1B00804FC}.Release|x86.Build.0 = Release|Any CPU
		{AAA2B293-F4A7-E0A2-A379-EDA07F3ABAC5}.Debug|Any CPU.ActiveCfg = Debug|Any CPU
		{AAA2B293-F4A7-E0A2-A379-EDA07F3ABAC5}.Debug|Any CPU.Build.0 = Debug|Any CPU
		{AAA2B293-F4A7-E0A2-A379-EDA07F3ABAC5}.Debug|x64.ActiveCfg = Debug|Any CPU
		{AAA2B293-F4A7-E0A2-A379-EDA07F3ABAC5}.Debug|x64.Build.0 = Debug|Any CPU
		{AAA2B293-F4A7-E0A2-A379-EDA07F3ABAC5}.Debug|x86.ActiveCfg = Debug|Any CPU
		{AAA2B293-F4A7-E0A2-A379-EDA07F3ABAC5}.Debug|x86.Build.0 = Debug|Any CPU
		{AAA2B293-F4A7-E0A2-A379-EDA07F3ABAC5}.Release|Any CPU.ActiveCfg = Release|Any CPU
		{AAA2B293-F4A7-E0A2-A379-EDA07F3ABAC5}.Release|Any CPU.Build.0 = Release|Any CPU
		{AAA2B293-F4A7-E0A2-A379-EDA07F3ABAC5}.Release|x64.ActiveCfg = Release|Any CPU
		{AAA2B293-F4A7-E0A2-A379-EDA07F3ABAC5}.Release|x64.Build.0 = Release|Any CPU
		{AAA2B293-F4A7-E0A2-A379-EDA07F3ABAC5}.Release|x86.ActiveCfg = Release|Any CPU
		{AAA2B293-F4A7-E0A2-A379-EDA07F3ABAC5}.Release|x86.Build.0 = Release|Any CPU
		{C5828696-5B1D-AC62-CB80-BFFACEDD7888}.Debug|Any CPU.ActiveCfg = Debug|Any CPU
		{C5828696-5B1D-AC62-CB80-BFFACEDD7888}.Debug|Any CPU.Build.0 = Debug|Any CPU
		{C5828696-5B1D-AC62-CB80-BFFACEDD7888}.Debug|x64.ActiveCfg = Debug|Any CPU
		{C5828696-5B1D-AC62-CB80-BFFACEDD7888}.Debug|x64.Build.0 = Debug|Any CPU
		{C5828696-5B1D-AC62-CB80-BFFACEDD7888}.Debug|x86.ActiveCfg = Debug|Any CPU
		{C5828696-5B1D-AC62-CB80-BFFACEDD7888}.Debug|x86.Build.0 = Debug|Any CPU
		{C5828696-5B1D-AC62-CB80-BFFACEDD7888}.Release|Any CPU.ActiveCfg = Release|Any CPU
		{C5828696-5B1D-AC62-CB80-BFFACEDD7888}.Release|Any CPU.Build.0 = Release|Any CPU
		{C5828696-5B1D-AC62-CB80-BFFACEDD7888}.Release|x64.ActiveCfg = Release|Any CPU
		{C5828696-5B1D-AC62-CB80-BFFACEDD7888}.Release|x64.Build.0 = Release|Any CPU
		{C5828696-5B1D-AC62-CB80-BFFACEDD7888}.Release|x86.ActiveCfg = Release|Any CPU
		{C5828696-5B1D-AC62-CB80-BFFACEDD7888}.Release|x86.Build.0 = Release|Any CPU
		{674D15C6-ADA1-C96F-B6D7-F1F0B31CAE05}.Debug|Any CPU.ActiveCfg = Debug|Any CPU
		{674D15C6-ADA1-C96F-B6D7-F1F0B31CAE05}.Debug|Any CPU.Build.0 = Debug|Any CPU
		{674D15C6-ADA1-C96F-B6D7-F1F0B31CAE05}.Debug|x64.ActiveCfg = Debug|Any CPU
		{674D15C6-ADA1-C96F-B6D7-F1F0B31CAE05}.Debug|x64.Build.0 = Debug|Any CPU
		{674D15C6-ADA1-C96F-B6D7-F1F0B31CAE05}.Debug|x86.ActiveCfg = Debug|Any CPU
		{674D15C6-ADA1-C96F-B6D7-F1F0B31CAE05}.Debug|x86.Build.0 = Debug|Any CPU
		{674D15C6-ADA1-C96F-B6D7-F1F0B31CAE05}.Release|Any CPU.ActiveCfg = Release|Any CPU
		{674D15C6-ADA1-C96F-B6D7-F1F0B31CAE05}.Release|Any CPU.Build.0 = Release|Any CPU
		{674D15C6-ADA1-C96F-B6D7-F1F0B31CAE05}.Release|x64.ActiveCfg = Release|Any CPU
		{674D15C6-ADA1-C96F-B6D7-F1F0B31CAE05}.Release|x64.Build.0 = Release|Any CPU
		{674D15C6-ADA1-C96F-B6D7-F1F0B31CAE05}.Release|x86.ActiveCfg = Release|Any CPU
		{674D15C6-ADA1-C96F-B6D7-F1F0B31CAE05}.Release|x86.Build.0 = Release|Any CPU
		{11914269-7087-60D5-7E25-078E06E8BAE6}.Debug|Any CPU.ActiveCfg = Debug|Any CPU
		{11914269-7087-60D5-7E25-078E06E8BAE6}.Debug|Any CPU.Build.0 = Debug|Any CPU
		{11914269-7087-60D5-7E25-078E06E8BAE6}.Debug|x64.ActiveCfg = Debug|Any CPU
		{11914269-7087-60D5-7E25-078E06E8BAE6}.Debug|x64.Build.0 = Debug|Any CPU
		{11914269-7087-60D5-7E25-078E06E8BAE6}.Debug|x86.ActiveCfg = Debug|Any CPU
		{11914269-7087-60D5-7E25-078E06E8BAE6}.Debug|x86.Build.0 = Debug|Any CPU
		{11914269-7087-60D5-7E25-078E06E8BAE6}.Release|Any CPU.ActiveCfg = Release|Any CPU
		{11914269-7087-60D5-7E25-078E06E8BAE6}.Release|Any CPU.Build.0 = Release|Any CPU
		{11914269-7087-60D5-7E25-078E06E8BAE6}.Release|x64.ActiveCfg = Release|Any CPU
		{11914269-7087-60D5-7E25-078E06E8BAE6}.Release|x64.Build.0 = Release|Any CPU
		{11914269-7087-60D5-7E25-078E06E8BAE6}.Release|x86.ActiveCfg = Release|Any CPU
		{11914269-7087-60D5-7E25-078E06E8BAE6}.Release|x86.Build.0 = Release|Any CPU
		{C63D5466-D139-42DB-89EA-2D4846A14188}.Debug|Any CPU.ActiveCfg = Debug|Any CPU
		{C63D5466-D139-42DB-89EA-2D4846A14188}.Debug|Any CPU.Build.0 = Debug|Any CPU
		{C63D5466-D139-42DB-89EA-2D4846A14188}.Debug|x64.ActiveCfg = Debug|Any CPU
		{C63D5466-D139-42DB-89EA-2D4846A14188}.Debug|x64.Build.0 = Debug|Any CPU
		{C63D5466-D139-42DB-89EA-2D4846A14188}.Debug|x86.ActiveCfg = Debug|Any CPU
		{C63D5466-D139-42DB-89EA-2D4846A14188}.Debug|x86.Build.0 = Debug|Any CPU
		{C63D5466-D139-42DB-89EA-2D4846A14188}.Release|Any CPU.ActiveCfg = Release|Any CPU
		{C63D5466-D139-42DB-89EA-2D4846A14188}.Release|Any CPU.Build.0 = Release|Any CPU
		{C63D5466-D139-42DB-89EA-2D4846A14188}.Release|x64.ActiveCfg = Release|Any CPU
		{C63D5466-D139-42DB-89EA-2D4846A14188}.Release|x64.Build.0 = Release|Any CPU
		{C63D5466-D139-42DB-89EA-2D4846A14188}.Release|x86.ActiveCfg = Release|Any CPU
		{C63D5466-D139-42DB-89EA-2D4846A14188}.Release|x86.Build.0 = Release|Any CPU
		{6A5749AF-DA59-4C37-9C1B-7BB5FAB621EC}.Debug|Any CPU.ActiveCfg = Debug|Any CPU
		{6A5749AF-DA59-4C37-9C1B-7BB5FAB621EC}.Debug|Any CPU.Build.0 = Debug|Any CPU
		{6A5749AF-DA59-4C37-9C1B-7BB5FAB621EC}.Debug|x64.ActiveCfg = Debug|Any CPU
		{6A5749AF-DA59-4C37-9C1B-7BB5FAB621EC}.Debug|x64.Build.0 = Debug|Any CPU
		{6A5749AF-DA59-4C37-9C1B-7BB5FAB621EC}.Debug|x86.ActiveCfg = Debug|Any CPU
		{6A5749AF-DA59-4C37-9C1B-7BB5FAB621EC}.Debug|x86.Build.0 = Debug|Any CPU
		{6A5749AF-DA59-4C37-9C1B-7BB5FAB621EC}.Release|Any CPU.ActiveCfg = Release|Any CPU
		{6A5749AF-DA59-4C37-9C1B-7BB5FAB621EC}.Release|Any CPU.Build.0 = Release|Any CPU
		{6A5749AF-DA59-4C37-9C1B-7BB5FAB621EC}.Release|x64.ActiveCfg = Release|Any CPU
		{6A5749AF-DA59-4C37-9C1B-7BB5FAB621EC}.Release|x64.Build.0 = Release|Any CPU
		{6A5749AF-DA59-4C37-9C1B-7BB5FAB621EC}.Release|x86.ActiveCfg = Release|Any CPU
		{6A5749AF-DA59-4C37-9C1B-7BB5FAB621EC}.Release|x86.Build.0 = Release|Any CPU
		{A38BDA50-43B4-9FFE-5E2C-2D7CB8DD3A0C}.Debug|Any CPU.ActiveCfg = Debug|Any CPU
		{A38BDA50-43B4-9FFE-5E2C-2D7CB8DD3A0C}.Debug|Any CPU.Build.0 = Debug|Any CPU
		{A38BDA50-43B4-9FFE-5E2C-2D7CB8DD3A0C}.Debug|x64.ActiveCfg = Debug|Any CPU
		{A38BDA50-43B4-9FFE-5E2C-2D7CB8DD3A0C}.Debug|x64.Build.0 = Debug|Any CPU
		{A38BDA50-43B4-9FFE-5E2C-2D7CB8DD3A0C}.Debug|x86.ActiveCfg = Debug|Any CPU
		{A38BDA50-43B4-9FFE-5E2C-2D7CB8DD3A0C}.Debug|x86.Build.0 = Debug|Any CPU
		{A38BDA50-43B4-9FFE-5E2C-2D7CB8DD3A0C}.Release|Any CPU.ActiveCfg = Release|Any CPU
		{A38BDA50-43B4-9FFE-5E2C-2D7CB8DD3A0C}.Release|Any CPU.Build.0 = Release|Any CPU
		{A38BDA50-43B4-9FFE-5E2C-2D7CB8DD3A0C}.Release|x64.ActiveCfg = Release|Any CPU
		{A38BDA50-43B4-9FFE-5E2C-2D7CB8DD3A0C}.Release|x64.Build.0 = Release|Any CPU
		{A38BDA50-43B4-9FFE-5E2C-2D7CB8DD3A0C}.Release|x86.ActiveCfg = Release|Any CPU
		{A38BDA50-43B4-9FFE-5E2C-2D7CB8DD3A0C}.Release|x86.Build.0 = Release|Any CPU
		{081B98DB-A535-2113-22CB-3DA4211BC88A}.Debug|Any CPU.ActiveCfg = Debug|Any CPU
		{081B98DB-A535-2113-22CB-3DA4211BC88A}.Debug|Any CPU.Build.0 = Debug|Any CPU
		{081B98DB-A535-2113-22CB-3DA4211BC88A}.Debug|x64.ActiveCfg = Debug|Any CPU
		{081B98DB-A535-2113-22CB-3DA4211BC88A}.Debug|x64.Build.0 = Debug|Any CPU
		{081B98DB-A535-2113-22CB-3DA4211BC88A}.Debug|x86.ActiveCfg = Debug|Any CPU
		{081B98DB-A535-2113-22CB-3DA4211BC88A}.Debug|x86.Build.0 = Debug|Any CPU
		{081B98DB-A535-2113-22CB-3DA4211BC88A}.Release|Any CPU.ActiveCfg = Release|Any CPU
		{081B98DB-A535-2113-22CB-3DA4211BC88A}.Release|Any CPU.Build.0 = Release|Any CPU
		{081B98DB-A535-2113-22CB-3DA4211BC88A}.Release|x64.ActiveCfg = Release|Any CPU
		{081B98DB-A535-2113-22CB-3DA4211BC88A}.Release|x64.Build.0 = Release|Any CPU
		{081B98DB-A535-2113-22CB-3DA4211BC88A}.Release|x86.ActiveCfg = Release|Any CPU
		{081B98DB-A535-2113-22CB-3DA4211BC88A}.Release|x86.Build.0 = Release|Any CPU
		{77FE6701-7F2D-4A8A-9134-9E622B9795C8}.Debug|Any CPU.ActiveCfg = Debug|Any CPU
		{77FE6701-7F2D-4A8A-9134-9E622B9795C8}.Debug|Any CPU.Build.0 = Debug|Any CPU
		{77FE6701-7F2D-4A8A-9134-9E622B9795C8}.Debug|x64.ActiveCfg = Debug|Any CPU
		{77FE6701-7F2D-4A8A-9134-9E622B9795C8}.Debug|x64.Build.0 = Debug|Any CPU
		{77FE6701-7F2D-4A8A-9134-9E622B9795C8}.Debug|x86.ActiveCfg = Debug|Any CPU
		{77FE6701-7F2D-4A8A-9134-9E622B9795C8}.Debug|x86.Build.0 = Debug|Any CPU
		{77FE6701-7F2D-4A8A-9134-9E622B9795C8}.Release|Any CPU.ActiveCfg = Release|Any CPU
		{77FE6701-7F2D-4A8A-9134-9E622B9795C8}.Release|Any CPU.Build.0 = Release|Any CPU
		{77FE6701-7F2D-4A8A-9134-9E622B9795C8}.Release|x64.ActiveCfg = Release|Any CPU
		{77FE6701-7F2D-4A8A-9134-9E622B9795C8}.Release|x64.Build.0 = Release|Any CPU
		{77FE6701-7F2D-4A8A-9134-9E622B9795C8}.Release|x86.ActiveCfg = Release|Any CPU
		{77FE6701-7F2D-4A8A-9134-9E622B9795C8}.Release|x86.Build.0 = Release|Any CPU
		{07BF6C5A-635B-2614-EEB3-AAE596A3C526}.Debug|Any CPU.ActiveCfg = Debug|Any CPU
		{07BF6C5A-635B-2614-EEB3-AAE596A3C526}.Debug|Any CPU.Build.0 = Debug|Any CPU
		{07BF6C5A-635B-2614-EEB3-AAE596A3C526}.Debug|x64.ActiveCfg = Debug|Any CPU
		{07BF6C5A-635B-2614-EEB3-AAE596A3C526}.Debug|x64.Build.0 = Debug|Any CPU
		{07BF6C5A-635B-2614-EEB3-AAE596A3C526}.Debug|x86.ActiveCfg = Debug|Any CPU
		{07BF6C5A-635B-2614-EEB3-AAE596A3C526}.Debug|x86.Build.0 = Debug|Any CPU
		{07BF6C5A-635B-2614-EEB3-AAE596A3C526}.Release|Any CPU.ActiveCfg = Release|Any CPU
		{07BF6C5A-635B-2614-EEB3-AAE596A3C526}.Release|Any CPU.Build.0 = Release|Any CPU
		{07BF6C5A-635B-2614-EEB3-AAE596A3C526}.Release|x64.ActiveCfg = Release|Any CPU
		{07BF6C5A-635B-2614-EEB3-AAE596A3C526}.Release|x64.Build.0 = Release|Any CPU
		{07BF6C5A-635B-2614-EEB3-AAE596A3C526}.Release|x86.ActiveCfg = Release|Any CPU
		{07BF6C5A-635B-2614-EEB3-AAE596A3C526}.Release|x86.Build.0 = Release|Any CPU
	EndGlobalSection
	GlobalSection(SolutionProperties) = preSolution
		HideSolutionNode = FALSE
	EndGlobalSection
	GlobalSection(NestedProjects) = preSolution
		{6DB42528-987E-AAE6-5129-3526C2F835A2} = {916ECDFB-75F3-40CC-9370-D7E91537831F}
		{BAEF7EB8-A8F8-4D1E-AC23-A2B1B00804FC} = {916ECDFB-75F3-40CC-9370-D7E91537831F}
		{AAA2B293-F4A7-E0A2-A379-EDA07F3ABAC5} = {FDD0C07C-5C24-4909-A6E2-8E2114DD1699}
		{C5828696-5B1D-AC62-CB80-BFFACEDD7888} = {FDD0C07C-5C24-4909-A6E2-8E2114DD1699}
		{674D15C6-ADA1-C96F-B6D7-F1F0B31CAE05} = {FDD0C07C-5C24-4909-A6E2-8E2114DD1699}
		{11914269-7087-60D5-7E25-078E06E8BAE6} = {FDD0C07C-5C24-4909-A6E2-8E2114DD1699}
		{C63D5466-D139-42DB-89EA-2D4846A14188} = {70A11695-15DC-453C-97BE-3CEB23C85ED1}
		{6A5749AF-DA59-4C37-9C1B-7BB5FAB621EC} = {FDD0C07C-5C24-4909-A6E2-8E2114DD1699}
		{A38BDA50-43B4-9FFE-5E2C-2D7CB8DD3A0C} = {916ECDFB-75F3-40CC-9370-D7E91537831F}
		{081B98DB-A535-2113-22CB-3DA4211BC88A} = {FDD0C07C-5C24-4909-A6E2-8E2114DD1699}
		{77FE6701-7F2D-4A8A-9134-9E622B9795C8} = {02EA681E-C7D8-13C7-8484-4AC65E1B71E8}
		{07BF6C5A-635B-2614-EEB3-AAE596A3C526} = {02EA681E-C7D8-13C7-8484-4AC65E1B71E8}
	EndGlobalSection
	GlobalSection(ExtensibilityGlobals) = postSolution
		SolutionGuid = {B164E52F-C7EA-4D00-BC6C-5820A25FEDF6}
	EndGlobalSection
EndGlobal
